<Solution>
  <Folder Name="/src/">
    <Project Path="src/dotnet-redecker/dotnet-redecker.csproj" />
    <Project Path="src/Redecker.Core/Redecker.Core.csproj" />
    <Project Path="src/Redecker.MSBuild/Redecker.MSBuild.csproj" />
  </Folder>
  <Folder Name="/test/">
    <Project Path="test/Redecker.Core.Tests/Redecker.Core.Tests.csproj" />
  </Folder>
  <Folder Name="/tools/">
    <Project Path="tools/Redecker.Corpus/Redecker.Corpus.csproj" />
  </Folder>
</Solution>
